// !$*UTF8*$!
{
	archiveVersion = 1;
	classes = {
	};
	objectVersion = 48;
	objects = {

/* Begin PBXBuildFile section */
		4C609380202B7539002303B9 /* AppDelegate.swift in Sources */ = {isa = PBXBuildFile; fileRef = 4C60937F202B7539002303B9 /* AppDelegate.swift */; };
		4C609382202B7539002303B9 /* ViewController.swift in Sources */ = {isa = PBXBuildFile; fileRef = 4C609381202B7539002303B9 /* ViewController.swift */; };
		4C609385202B7539002303B9 /* Main.storyboard in Resources */ = {isa = PBXBuildFile; fileRef = 4C609383202B7539002303B9 /* Main.storyboard */; };
		4C609388202B7539002303B9 /* SeaFood.xcdatamodeld in Sources */ = {isa = PBXBuildFile; fileRef = 4C609386202B7539002303B9 /* SeaFood.xcdatamodeld */; };
		4C60938A202B7539002303B9 /* Assets.xcassets in Resources */ = {isa = PBXBuildFile; fileRef = 4C609389202B7539002303B9 /* Assets.xcassets */; };
		4C60938D202B7539002303B9 /* LaunchScreen.storyboard in Resources */ = {isa = PBXBuildFile; fileRef = 4C60938B202B7539002303B9 /* LaunchScreen.storyboard */; };
		4C638B15202C3B9D00BEF37B /* Inceptionv3.mlmodel in Sources */ = {isa = PBXBuildFile; fileRef = 4C638B14202C3B9D00BEF37B /* Inceptionv3.mlmodel */; };
/* End PBXBuildFile section */

/* Begin PBXFileReference section */
		4C60937C202B7539002303B9 /* SeaFood.app */ = {isa = PBXFileReference; explicitFileType = wrapper.application; includeInIndex = 0; path = SeaFood.app; sourceTree = BUILT_PRODUCTS_DIR; };
		4C60937F202B7539002303B9 /* AppDelegate.swift */ = {isa = PBXFileReference; lastKnownFileType = sourcecode.swift; path = AppDelegate.swift; sourceTree = "<group>"; };
		4C609381202B7539002303B9 /* ViewController.swift */ = {isa = PBXFileReference; lastKnownFileType = sourcecode.swift; path = ViewController.swift; sourceTree = "<group>"; };
		4C609384202B7539002303B9 /* Base */ = {isa = PBXFileReference; lastKnownFileType = file.storyboard; name = Base; path = Base.lproj/Main.storyboard; sourceTree = "<group>"; };
		4C609387202B7539002303B9 /* SeaFood.xcdatamodel */ = {isa = PBXFileReference; lastKnownFileType = wrapper.xcdatamodel; path = SeaFood.xcdatamodel; sourceTree = "<group>"; };
		4C609389202B7539002303B9 /* Assets.xcassets */ = {isa = PBXFileReference; lastKnownFileType = folder.assetcatalog; path = Assets.xcassets; sourceTree = "<group>"; };
		4C60938C202B7539002303B9 /* Base */ = {isa = PBXFileReference; lastKnownFileType = file.storyboard; name = Base; path = Base.lproj/LaunchScreen.storyboard; sourceTree = "<group>"; };
		4C60938E202B7539002303B9 /* Info.plist */ = {isa = PBXFileReference; lastKnownFileType = text.plist.xml; path = Info.plist; sourceTree = "<group>"; };
		4C638B14202C3B9D00BEF37B /* Inceptionv3.mlmodel */ = {isa = PBXFileReference; lastKnownFileType = file.mlmodel; path = Inceptionv3.mlmodel; sourceTree = "<group>"; };
/* End PBXFileReference section */

/* Begin PBXFrameworksBuildPhase section */
		4C609379202B7539002303B9 /* Frameworks */ = {
			isa = PBXFrameworksBuildPhase;
			buildActionMask = 2147483647;
			files = (
			);
			runOnlyForDeploymentPostprocessing = 0;
		};
/* End PBXFrameworksBuildPhase section */

/* Begin PBXGroup section */
		4C609373202B7539002303B9 = {
			isa = PBXGroup;
			children = (
				4C60937E202B7539002303B9 /* SeaFood */,
				4C60937D202B7539002303B9 /* Products */,
			);
			sourceTree = "<group>";
		};
		4C60937D202B7539002303B9 /* Products */ = {
			isa = PBXGroup;
			children = (
				4C60937C202B7539002303B9 /* SeaFood.app */,
			);
			name = Products;
			sourceTree = "<group>";
		};
		4C60937E202B7539002303B9 /* SeaFood */ = {
			isa = PBXGroup;
			children = (
				4C60937F202B7539002303B9 /* AppDelegate.swift */,
				4C609381202B7539002303B9 /* ViewController.swift */,
				4C609383202B7539002303B9 /* Main.storyboard */,
				4C609389202B7539002303B9 /* Assets.xcassets */,
				4C638B14202C3B9D00BEF37B /* Inceptionv3.mlmodel */,
				4C60938B202B7539002303B9 /* LaunchScreen.storyboard */,
				4C60938E202B7539002303B9 /* Info.plist */,
				4C609386202B7539002303B9 /* SeaFood.xcdatamodeld */,
			);
			path = SeaFood;
			sourceTree = "<group>";
		};
/* End PBXGroup section */

/* Begin PBXNativeTarget section */
		4C60937B202B7539002303B9 /* SeaFood */ = {
			isa = PBXNativeTarget;
			buildConfigurationList = 4C609391202B7539002303B9 /* Build configuration list for PBXNativeTarget "SeaFood" */;
			buildPhases = (
				4C609378202B7539002303B9 /* Sources */,
				4C609379202B7539002303B9 /* Frameworks */,
				4C60937A202B7539002303B9 /* Resources */,
			);
			buildRules = (
			);
			dependencies = (
			);
			name = SeaFood;
			productName = SeaFood;
			productReference = 4C60937C202B7539002303B9 /* SeaFood.app */;
			productType = "com.apple.product-type.application";
		};
/* End PBXNativeTarget section */

/* Begin PBXProject section */
		4C609374202B7539002303B9 /* Project object */ = {
			isa = PBXProject;
			attributes = {
				LastSwiftUpdateCheck = 0920;
				LastUpgradeCheck = 0920;
				ORGANIZATIONNAME = "Amar Singh";
				TargetAttributes = {
					4C60937B202B7539002303B9 = {
						CreatedOnToolsVersion = 9.2;
						ProvisioningStyle = Automatic;
					};
				};
			};
			buildConfigurationList = 4C609377202B7539002303B9 /* Build configuration list for PBXProject "SeaFood" */;
			compatibilityVersion = "Xcode 8.0";
			developmentRegion = en;
			hasScannedForEncodings = 0;
			knownRegions = (
				en,
				Base,
			);
			mainGroup = 4C609373202B7539002303B9;
			productRefGroup = 4C60937D202B7539002303B9 /* Products */;
			projectDirPath = "";
			projectRoot = "";
			targets = (
				4C60937B202B7539002303B9 /* SeaFood */,
			);
		};
/* End PBXProject section */

/* Begin PBXResourcesBuildPhase section */
		4C60937A202B7539002303B9 /* Resources */ = {
			isa = PBXResourcesBuildPhase;
			buildActionMask = 2147483647;
			files = (
				4C60938D202B7539002303B9 /* LaunchScreen.storyboard in Resources */,
				4C60938A202B7539002303B9 /* Assets.xcassets in Resources */,
				4C609385202B7539002303B9 /* Main.storyboard in Resources */,
			);
			runOnlyForDeploymentPostprocessing = 0;
		};
/* End PBXResourcesBuildPhase section */

/* Begin PBXSourcesBuildPhase section */
		4C609378202B7539002303B9 /* Sources */ = {
			isa = PBXSourcesBuildPhase;
			buildActionMask = 2147483647;
			files = (
				4C609382202B7539002303B9 /* ViewController.swift in Sources */,
				4C638B15202C3B9D00BEF37B /* Inceptionv3.mlmodel in Sources */,
				4C609380202B7539002303B9 /* AppDelegate.swift in Sources */,
				4C609388202B7539002303B9 /* SeaFood.xcdatamodeld in Sources */,
			);
			runOnlyForDeploymentPostprocessing = 0;
		};
/* End PBXSourcesBuildPhase section */

/* Begin PBXVariantGroup section */
		4C609383202B7539002303B9 /* Main.storyboard */ = {
			isa = PBXVariantGroup;
			children = (
				4C609384202B7539002303B9 /* Base */,
			);
			name = Main.storyboard;
			sourceTree = "<group>";
		};
		4C60938B202B7539002303B9 /* LaunchScreen.storyboard */ = {
			isa = PBXVariantGroup;
			children = (
				4C60938C202B7539002303B9 /* Base */,
			);
			name = LaunchScreen.storyboard;
			sourceTree = "<group>";
		};
/* End PBXVariantGroup section */

/* Begin XCBuildConfiguration section */
		4C60938F202B7539002303B9 /* Debug */ = {
			isa = XCBuildConfiguration;
			buildSettings = {
				ALWAYS_SEARCH_USER_PATHS = NO;
				CLANG_ANALYZER_NONNULL = YES;
				CLANG_ANALYZER_NUMBER_OBJECT_CONVERSION = YES_AGGRESSIVE;
				CLANG_CXX_LANGUAGE_STANDARD = "gnu++14";
				CLANG_CXX_LIBRARY = "libc++";
				CLANG_ENABLE_MODULES = YES;
				CLANG_ENABLE_OBJC_ARC = YES;
				CLANG_WARN_BLOCK_CAPTURE_AUTORELEASING = YES;
				CLANG_WARN_BOOL_CONVERSION = YES;
				CLANG_WARN_COMMA = YES;
				CLANG_WARN_CONSTANT_CONVERSION = YES;
				CLANG_WARN_DIRECT_OBJC_ISA_USAGE = YES_ERROR;
				CLANG_WARN_DOCUMENTATION_COMMENTS = YES;
				CLANG_WARN_EMPTY_BODY = YES;
				CLANG_WARN_ENUM_CONVERSION = YES;
				CLANG_WARN_INFINITE_RECURSION = YES;
				CLANG_WARN_INT_CONVERSION = YES;
				CLANG_WARN_NON_LITERAL_NULL_CONVERSION = YES;
				CLANG_WARN_OBJC_LITERAL_CONVERSION = YES;
				CLANG_WARN_OBJC_ROOT_CLASS = YES_ERROR;
				CLANG_WARN_RANGE_LOOP_ANALYSIS = YES;
				CLANG_WARN_STRICT_PROTOTYPES = YES;
				CLANG_WARN_SUSPICIOUS_MOVE = YES;
				CLANG_WARN_UNGUARDED_AVAILABILITY = YES_AGGRESSIVE;
				CLANG_WARN_UNREACHABLE_CODE = YES;
				CLANG_WARN__DUPLICATE_METHOD_MATCH = YES;
				CODE_SIGN_IDENTITY = "iPhone Developer";
				COPY_PHASE_STRIP = NO;
				DEBUG_INFORMATION_FORMAT = dwarf;
				ENABLE_STRICT_OBJC_MSGSEND = YES;
				ENABLE_TESTABILITY = YES;
				GCC_C_LANGUAGE_STANDARD = gnu11;
				GCC_DYNAMIC_NO_PIC = NO;
				GCC_NO_COMMON_BLOCKS = YES;
				GCC_OPTIMIZATION_LEVEL = 0;
				GCC_PREPROCESSOR_DEFINITIONS = (
					"DEBUG=1",
					"$(inherited)",
				);
				GCC_WARN_64_TO_32_BIT_CONVERSION = YES;
				GCC_WARN_ABOUT_RETURN_TYPE = YES_ERROR;
				GCC_WARN_UNDECLARED_SELECTOR = YES;
				GCC_WARN_UNINITIALIZED_AUTOS = YES_AGGRESSIVE;
				GCC_WARN_UNUSED_FUNCTION = YES;
				GCC_WARN_UNUSED_VARIABLE = YES;
				IPHONEOS_DEPLOYMENT_TARGET = 11.2;
				MTL_ENABLE_DEBUG_INFO = YES;
				ONLY_ACTIVE_ARCH = YES;
				SDKROOT = iphoneos;
				SWIFT_ACTIVE_COMPILATION_CONDITIONS = DEBUG;
				SWIFT_OPTIMIZATION_LEVEL = "-Onone";
			};
			name = Debug;
		};
		4C609390202B7539002303B9 /* Release */ = {
			isa = XCBuildConfiguration;
			buildSettings = {
				ALWAYS_SEARCH_USER_PATHS = NO;
				CLANG_ANALYZER_NONNULL = YES;
				CLANG_ANALYZER_NUMBER_OBJECT_CONVERSION = YES_AGGRESSIVE;
				CLANG_CXX_LANGUAGE_STANDARD = "gnu++14";
				CLANG_CXX_LIBRARY = "libc++";
				CLANG_ENABLE_MODULES = YES;
				CLANG_ENABLE_OBJC_ARC = YES;
				CLANG_WARN_BLOCK_CAPTURE_AUTORELEASING = YES;
				CLANG_WARN_BOOL_CONVERSION = YES;
				CLANG_WARN_COMMA = YES;
				CLANG_WARN_CONSTANT_CONVERSION = YES;
				CLANG_WARN_DIRECT_OBJC_ISA_USAGE = YES_ERROR;
				CLANG_WARN_DOCUMENTATION_COMMENTS = YES;
				CLANG_WARN_EMPTY_BODY = YES;
				CLANG_WARN_ENUM_CONVERSION = YES;
				CLANG_WARN_INFINITE_RECURSION = YES;
				CLANG_WARN_INT_CONVERSION = YES;
				CLANG_WARN_NON_LITERAL_NULL_CONVERSION = YES;
				CLANG_WARN_OBJC_LITERAL_CONVERSION = YES;
				CLANG_WARN_OBJC_ROOT_CLASS = YES_ERROR;
				CLANG_WARN_RANGE_LOOP_ANALYSIS = YES;
				CLANG_WARN_STRICT_PROTOTYPES = YES;
				CLANG_WARN_SUSPICIOUS_MOVE = YES;
				CLANG_WARN_UNGUARDED_AVAILABILITY = YES_AGGRESSIVE;
				CLANG_WARN_UNREACHABLE_CODE = YES;
				CLANG_WARN__DUPLICATE_METHOD_MATCH = YES;
				CODE_SIGN_IDENTITY = "iPhone Developer";
				COPY_PHASE_STRIP = NO;
				DEBUG_INFORMATION_FORMAT = "dwarf-with-dsym";
				ENABLE_NS_ASSERTIONS = NO;
				ENABLE_STRICT_OBJC_MSGSEND = YES;
				GCC_C_LANGUAGE_STANDARD = gnu11;
				GCC_NO_COMMON_BLOCKS = YES;
				GCC_WARN_64_TO_32_BIT_CONVERSION = YES;
				GCC_WARN_ABOUT_RETURN_TYPE = YES_ERROR;
				GCC_WARN_UNDECLARED_SELECTOR = YES;
				GCC_WARN_UNINITIALIZED_AUTOS = YES_AGGRESSIVE;
				GCC_WARN_UNUSED_FUNCTION = YES;
				GCC_WARN_UNUSED_VARIABLE = YES;
				IPHONEOS_DEPLOYMENT_TARGET = 11.2;
				MTL_ENABLE_DEBUG_INFO = NO;
				SDKROOT = iphoneos;
				SWIFT_OPTIMIZATION_LEVEL = "-Owholemodule";
				VALIDATE_PRODUCT = YES;
			};
			name = Release;
		};
		4C609392202B7539002303B9 /* Debug */ = {
			isa = XCBuildConfiguration;
			buildSettings = {
				ASSETCATALOG_COMPILER_APPICON_NAME = AppIcon;
				CODE_SIGN_STYLE = Automatic;
				DEVELOPMENT_TEAM = BU4KR85VJ9;
				INFOPLIST_FILE = SeaFood/Info.plist;
				LD_RUNPATH_SEARCH_PATHS = "$(inherited) @executable_path/Frameworks";
				PRODUCT_BUNDLE_IDENTIFIER = com.amar.SeaFood;
				PRODUCT_NAME = "$(TARGET_NAME)";
				SWIFT_VERSION = 4.0;
				TARGETED_DEVICE_FAMILY = "1,2";
			};
			name = Debug;
		};
		4C609393202B7539002303B9 /* Release */ = {
			isa = XCBuildConfiguration;
			buildSettings = {
				ASSETCATALOG_COMPILER_APPICON_NAME = AppIcon;
				CODE_SIGN_STYLE = Automatic;
				DEVELOPMENT_TEAM = BU4KR85VJ9;
				INFOPLIST_FILE = SeaFood/Info.plist;
				LD_RUNPATH_SEARCH_PATHS = "$(inherited) @executable_path/Frameworks";
				PRODUCT_BUNDLE_IDENTIFIER = com.amar.SeaFood;
				PRODUCT_NAME = "$(TARGET_NAME)";
				SWIFT_VERSION = 4.0;
				TARGETED_DEVICE_FAMILY = "1,2";
			};
			name = Release;
		};
/* End XCBuildConfiguration section */

/* Begin XCConfigurationList section */
		4C609377202B7539002303B9 /* Build configuration list for PBXProject "SeaFood" */ = {
			isa = XCConfigurationList;
			buildConfigurations = (
				4C60938F202B7539002303B9 /* Debug */,
				4C609390202B7539002303B9 /* Release */,
			);
			defaultConfigurationIsVisible = 0;
			defaultConfigurationName = Release;
		};
		4C609391202B7539002303B9 /* Build configuration list for PBXNativeTarget "SeaFood" */ = {
			isa = XCConfigurationList;
			buildConfigurations = (
				4C609392202B7539002303B9 /* Debug */,
				4C609393202B7539002303B9 /* Release */,
			);
			defaultConfigurationIsVisible = 0;
			defaultConfigurationName = Release;
		};
/* End XCConfigurationList section */

/* Begin XCVersionGroup section */
		4C609386202B7539002303B9 /* SeaFood.xcdatamodeld */ = {
			isa = XCVersionGroup;
			children = (
				4C609387202B7539002303B9 /* SeaFood.xcdatamodel */,
			);
			currentVersion = 4C609387202B7539002303B9 /* SeaFood.xcdatamodel */;
			path = SeaFood.xcdatamodeld;
			sourceTree = "<group>";
			versionGroupType = wrapper.xcdatamodel;
		};
/* End XCVersionGroup section */
	};
	rootObject = 4C609374202B7539002303B9 /* Project object */;
}
